{
  "originHash" : "5fb9d75ebc419b20c046f3e982168b26c1977a575859515e1c79df3a34d6aec4",
  "pins" : [
    {
      "identity" : "csqlite",
      "kind" : "remoteSourceControl",
      "location" : "https://github.com/sbooth/CSQLite.git",
      "state" : {
        "revision" : "b1161e6c73fa68c25292f6bb697293d6c679f919",
        "version" : "3.50.4"
      }
    },
    {
      "identity" : "grdb.swift",
      "kind" : "remoteSourceControl",
      "location" : "https://github.com/groue/GRDB.swift.git",
      "state" : {
        "revision" : "c5d02eac3241dd980fa42e5644afd2e7e3f63401",
        "version" : "7.7.0"
      }
    },
    {
      "identity" : "powersync-sqlite-core-swift",
      "kind" : "remoteSourceControl",
      "location" : "https://github.com/powersync-ja/powersync-sqlite-core-swift.git",
      "state" : {
        "revision" : "9801f4aa0923c7f33fa479a01e643d00e7764f0b",
        "version" : "0.4.8"
      }
    }
  ],
  "version" : 3
}
