{
  "originHash" : "57efb3448777bd6f5f0907e2c3db5460f5299cd7a6e3595d79687c9c0ee9c153",
  "pins" : [
    {
      "identity" : "csqlite",
      "kind" : "remoteSourceControl",
      "location" : "https://github.com/powersync-ja/CSQLite.git",
      "state" : {
        "revision" : "25f4a02fce2dcd588bad37ea6fc047c2bbe8ef5e",
        "version" : "3.51.1"
      }
    },
    {
      "identity" : "grdb.swift",
      "kind" : "remoteSourceControl",
      "location" : "https://github.com/groue/GRDB.swift.git",
      "state" : {
        "revision" : "aa0079aeb82a4bf00324561a40bffe68c6fe1c26",
        "version" : "7.9.0"
      }
    },
    {
      "identity" : "powersync-sqlite-core-swift",
      "kind" : "remoteSourceControl",
      "location" : "https://github.com/powersync-ja/powersync-sqlite-core-swift.git",
      "state" : {
        "revision" : "9743740980cd488a11f50cffe62ed34a9739a135",
        "version" : "0.4.10"
      }
    }
  ],
  "version" : 3
}
