{
  "originHash" : "6c29834419fdcb92f539ecf8608ba7e848a255b9f77dbf9163a1f81e371f3c1d",
  "pins" : [
    {
      "identity" : "grdb.swift",
      "kind" : "remoteSourceControl",
      "location" : "https://github.com/groue/GRDB.swift.git",
      "state" : {
        "revision" : "aa0079aeb82a4bf00324561a40bffe68c6fe1c26",
        "version" : "7.9.0"
      }
    },
    {
      "identity" : "powersync-sqlite-core-swift",
      "kind" : "remoteSourceControl",
      "location" : "https://github.com/powersync-ja/powersync-sqlite-core-swift.git",
      "state" : {
        "revision" : "9743740980cd488a11f50cffe62ed34a9739a135",
        "version" : "0.4.10"
      }
    }
  ],
  "version" : 3
}
